
Microsoft Visual Studio Solution File, Format Version 11.00
# Visual Studio 2010
Project("{FAE04EC0-301F-11D3-BF4B-00C04F79EFBC}") = "7a5bfc70096574167959536287376886", "Assembly-CSharp.csproj", "{8D6959CF-6929-F701-0B90-90B89EC2799E}"
EndProject
Project("{FAE04EC0-301F-11D3-BF4B-00C04F79EFBC}") = "7a5bfc70096574167959536287376886", "Assembly-CSharp-Editor.csproj", "{A9027B32-8F67-A779-E9BE-CB3ED72F73DA}"
EndProject
Global
	GlobalSection(SolutionConfigurationPlatforms) = preSolution
		Debug|Any CPU = Debug|Any CPU
		Release|Any CPU = Release|Any CPU
	EndGlobalSection
	GlobalSection(ProjectConfigurationPlatforms) = postSolution
		{8D6959CF-6929-F701-0B90-90B89EC2799E}.Debug|Any CPU.ActiveCfg = Debug|Any CPU
		{8D6959CF-6929-F701-0B90-90B89EC2799E}.Debug|Any CPU.Build.0 = Debug|Any CPU
		{8D6959CF-6929-F701-0B90-90B89EC2799E}.Release|Any CPU.ActiveCfg = Release|Any CPU
		{8D6959CF-6929-F701-0B90-90B89EC2799E}.Release|Any CPU.Build.0 = Release|Any CPU
		{A9027B32-8F67-A779-E9BE-CB3ED72F73DA}.Debug|Any CPU.ActiveCfg = Debug|Any CPU
		{A9027B32-8F67-A779-E9BE-CB3ED72F73DA}.Debug|Any CPU.Build.0 = Debug|Any CPU
		{A9027B32-8F67-A779-E9BE-CB3ED72F73DA}.Release|Any CPU.ActiveCfg = Release|Any CPU
		{A9027B32-8F67-A779-E9BE-CB3ED72F73DA}.Release|Any CPU.Build.0 = Release|Any CPU
	EndGlobalSection
	GlobalSection(SolutionProperties) = preSolution
		HideSolutionNode = FALSE
	EndGlobalSection
	GlobalSection(MonoDevelopProperties) = preSolution
		StartupItem = Assembly-CSharp.csproj
	EndGlobalSection
EndGlobal
