
Microsoft Visual Studio Solution File, Format Version 11.00
# Visual Studio 2010
Project("{FAE04EC0-301F-11D3-BF4B-00C04F79EFBC}") = "sound", "Assembly-CSharp.csproj", "{61013CF0-59CE-EA6A-6774-19D494E9DA8C}"
EndProject
Project("{FAE04EC0-301F-11D3-BF4B-00C04F79EFBC}") = "sound", "Assembly-CSharp-Editor.csproj", "{FE9E8D57-5745-DDA3-F146-31CB2FB6EF8E}"
EndProject
Global
	GlobalSection(SolutionConfigurationPlatforms) = preSolution
		Debug|Any CPU = Debug|Any CPU
		Release|Any CPU = Release|Any CPU
	EndGlobalSection
	GlobalSection(ProjectConfigurationPlatforms) = postSolution
		{61013CF0-59CE-EA6A-6774-19D494E9DA8C}.Debug|Any CPU.ActiveCfg = Debug|Any CPU
		{61013CF0-59CE-EA6A-6774-19D494E9DA8C}.Debug|Any CPU.Build.0 = Debug|Any CPU
		{61013CF0-59CE-EA6A-6774-19D494E9DA8C}.Release|Any CPU.ActiveCfg = Release|Any CPU
		{61013CF0-59CE-EA6A-6774-19D494E9DA8C}.Release|Any CPU.Build.0 = Release|Any CPU
		{FE9E8D57-5745-DDA3-F146-31CB2FB6EF8E}.Debug|Any CPU.ActiveCfg = Debug|Any CPU
		{FE9E8D57-5745-DDA3-F146-31CB2FB6EF8E}.Debug|Any CPU.Build.0 = Debug|Any CPU
		{FE9E8D57-5745-DDA3-F146-31CB2FB6EF8E}.Release|Any CPU.ActiveCfg = Release|Any CPU
		{FE9E8D57-5745-DDA3-F146-31CB2FB6EF8E}.Release|Any CPU.Build.0 = Release|Any CPU
	EndGlobalSection
	GlobalSection(SolutionProperties) = preSolution
		HideSolutionNode = FALSE
	EndGlobalSection
	GlobalSection(MonoDevelopProperties) = preSolution
		StartupItem = Assembly-CSharp.csproj
	EndGlobalSection
EndGlobal
